// !$*UTF8*$!
{
	archiveVersion = 1;
	classes = {
	};
	objectVersion = 55;
	objects = {

/* Begin PBXBuildFile section */
		487DC5D129D4F256003A1327 /* AppDelegate.swift in Sources */ = {isa = PBXBuildFile; fileRef = 487DC5D029D4F256003A1327 /* AppDelegate.swift */; };
		487DC5D329D4F256003A1327 /* SceneDelegate.swift in Sources */ = {isa = PBXBuildFile; fileRef = 487DC5D229D4F256003A1327 /* SceneDelegate.swift */; };
		487DC5DA29D4F25B003A1327 /* Assets.xcassets in Resources */ = {isa = PBXBuildFile; fileRef = 487DC5D929D4F25B003A1327 /* Assets.xcassets */; };
		487DC5DD29D4F25B003A1327 /* LaunchScreen.storyboard in Resources */ = {isa = PBXBuildFile; fileRef = 487DC5DB29D4F25B003A1327 /* LaunchScreen.storyboard */; };
		487DC5EE29D4F491003A1327 /* RMTabViewController.swift in Sources */ = {isa = PBXBuildFile; fileRef = 487DC5ED29D4F491003A1327 /* RMTabViewController.swift */; };
		487DC5F029D4F49E003A1327 /* RMCharactersViewController.swift in Sources */ = {isa = PBXBuildFile; fileRef = 487DC5EF29D4F49E003A1327 /* RMCharactersViewController.swift */; };
		487DC5F229D4F4A9003A1327 /* RMEpisodesViewController.swift in Sources */ = {isa = PBXBuildFile; fileRef = 487DC5F129D4F4A9003A1327 /* RMEpisodesViewController.swift */; };
		487DC5F429D4F4B1003A1327 /* RMLocationsViewController.swift in Sources */ = {isa = PBXBuildFile; fileRef = 487DC5F329D4F4B1003A1327 /* RMLocationsViewController.swift */; };
		487DC5F629D4F4BB003A1327 /* RMSettingsViewController.swift in Sources */ = {isa = PBXBuildFile; fileRef = 487DC5F529D4F4BB003A1327 /* RMSettingsViewController.swift */; };
		487DC5F829D4F54E003A1327 /* RMLocation.swift in Sources */ = {isa = PBXBuildFile; fileRef = 487DC5F729D4F54E003A1327 /* RMLocation.swift */; };
		487DC5FA29D4F55A003A1327 /* RMCharacter.swift in Sources */ = {isa = PBXBuildFile; fileRef = 487DC5F929D4F55A003A1327 /* RMCharacter.swift */; };
		487DC5FC29D4F565003A1327 /* RMEpisode.swift in Sources */ = {isa = PBXBuildFile; fileRef = 487DC5FB29D4F565003A1327 /* RMEpisode.swift */; };
		487DC5FE29D4F6AC003A1327 /* RMSercice.swift in Sources */ = {isa = PBXBuildFile; fileRef = 487DC5FD29D4F6AC003A1327 /* RMSercice.swift */; };
		487DC60029D4F6B8003A1327 /* RMRequest.swift in Sources */ = {isa = PBXBuildFile; fileRef = 487DC5FF29D4F6B8003A1327 /* RMRequest.swift */; };
		487DC60229D4F6C1003A1327 /* RMEndpoint.swift in Sources */ = {isa = PBXBuildFile; fileRef = 487DC60129D4F6C1003A1327 /* RMEndpoint.swift */; };
		487DC60429D4F73D003A1327 /* RMCharacterGender.swift in Sources */ = {isa = PBXBuildFile; fileRef = 487DC60329D4F73D003A1327 /* RMCharacterGender.swift */; };
		487DC60629D4F748003A1327 /* RMCharaterStatus.swift in Sources */ = {isa = PBXBuildFile; fileRef = 487DC60529D4F748003A1327 /* RMCharaterStatus.swift */; };
		487DC60829D4F757003A1327 /* RMSingleLocation.swift in Sources */ = {isa = PBXBuildFile; fileRef = 487DC60729D4F757003A1327 /* RMSingleLocation.swift */; };
		487DC60A29D4F761003A1327 /* RMOrigin.swift in Sources */ = {isa = PBXBuildFile; fileRef = 487DC60929D4F761003A1327 /* RMOrigin.swift */; };
		487DC60C29D4F99C003A1327 /* RMCharacterDetailViewController.swift in Sources */ = {isa = PBXBuildFile; fileRef = 487DC60B29D4F99C003A1327 /* RMCharacterDetailViewController.swift */; };
		487DC61029D4F9F3003A1327 /* RMGetAllCharactersResponse.swift in Sources */ = {isa = PBXBuildFile; fileRef = 487DC60F29D4F9F3003A1327 /* RMGetAllCharactersResponse.swift */; };
		487DC61229D4FA13003A1327 /* Extansions.swift in Sources */ = {isa = PBXBuildFile; fileRef = 487DC61129D4FA13003A1327 /* Extansions.swift */; };
		487DC61429D4FA51003A1327 /* RMCharacterCollectionViewCellViewModel.swift in Sources */ = {isa = PBXBuildFile; fileRef = 487DC61329D4FA51003A1327 /* RMCharacterCollectionViewCellViewModel.swift */; };
		487DC61629D4FA5A003A1327 /* RMCharacterListViewViewModel.swift in Sources */ = {isa = PBXBuildFile; fileRef = 487DC61529D4FA5A003A1327 /* RMCharacterListViewViewModel.swift */; };
		487DC61829D4FA89003A1327 /* RMCharacterDetailViewViewModel.swift in Sources */ = {isa = PBXBuildFile; fileRef = 487DC61729D4FA89003A1327 /* RMCharacterDetailViewViewModel.swift */; };
		487DC61E29D4FB55003A1327 /* RMCharacterListView.swift in Sources */ = {isa = PBXBuildFile; fileRef = 487DC61D29D4FB55003A1327 /* RMCharacterListView.swift */; };
		487DC62029D4FB5F003A1327 /* RMCharacterCollectionViewCell.swift in Sources */ = {isa = PBXBuildFile; fileRef = 487DC61F29D4FB5F003A1327 /* RMCharacterCollectionViewCell.swift */; };
		487DC62229D4FB70003A1327 /* RMCharacterDetailView.swift in Sources */ = {isa = PBXBuildFile; fileRef = 487DC62129D4FB70003A1327 /* RMCharacterDetailView.swift */; };
		487DC62529D4FB91003A1327 /* FooterLoading.swift in Sources */ = {isa = PBXBuildFile; fileRef = 487DC62429D4FB91003A1327 /* FooterLoading.swift */; };
		487DC62729D4FD05003A1327 /* RMImageLoader.swift in Sources */ = {isa = PBXBuildFile; fileRef = 487DC62629D4FD05003A1327 /* RMImageLoader.swift */; };
/* End PBXBuildFile section */

/* Begin PBXFileReference section */
		487DC5CD29D4F256003A1327 /* RickAndMortyApp.app */ = {isa = PBXFileReference; explicitFileType = wrapper.application; includeInIndex = 0; path = RickAndMortyApp.app; sourceTree = BUILT_PRODUCTS_DIR; };
		487DC5D029D4F256003A1327 /* AppDelegate.swift */ = {isa = PBXFileReference; lastKnownFileType = sourcecode.swift; path = AppDelegate.swift; sourceTree = "<group>"; };
		487DC5D229D4F256003A1327 /* SceneDelegate.swift */ = {isa = PBXFileReference; lastKnownFileType = sourcecode.swift; path = SceneDelegate.swift; sourceTree = "<group>"; };
		487DC5D929D4F25B003A1327 /* Assets.xcassets */ = {isa = PBXFileReference; lastKnownFileType = folder.assetcatalog; path = Assets.xcassets; sourceTree = "<group>"; };
		487DC5DC29D4F25B003A1327 /* Base */ = {isa = PBXFileReference; lastKnownFileType = file.storyboard; name = Base; path = Base.lproj/LaunchScreen.storyboard; sourceTree = "<group>"; };
		487DC5DE29D4F25B003A1327 /* Info.plist */ = {isa = PBXFileReference; lastKnownFileType = text.plist.xml; path = Info.plist; sourceTree = "<group>"; };
		487DC5ED29D4F491003A1327 /* RMTabViewController.swift */ = {isa = PBXFileReference; lastKnownFileType = sourcecode.swift; path = RMTabViewController.swift; sourceTree = "<group>"; };
		487DC5EF29D4F49E003A1327 /* RMCharactersViewController.swift */ = {isa = PBXFileReference; lastKnownFileType = sourcecode.swift; path = RMCharactersViewController.swift; sourceTree = "<group>"; };
		487DC5F129D4F4A9003A1327 /* RMEpisodesViewController.swift */ = {isa = PBXFileReference; lastKnownFileType = sourcecode.swift; path = RMEpisodesViewController.swift; sourceTree = "<group>"; };
		487DC5F329D4F4B1003A1327 /* RMLocationsViewController.swift */ = {isa = PBXFileReference; lastKnownFileType = sourcecode.swift; path = RMLocationsViewController.swift; sourceTree = "<group>"; };
		487DC5F529D4F4BB003A1327 /* RMSettingsViewController.swift */ = {isa = PBXFileReference; lastKnownFileType = sourcecode.swift; path = RMSettingsViewController.swift; sourceTree = "<group>"; };
		487DC5F729D4F54E003A1327 /* RMLocation.swift */ = {isa = PBXFileReference; lastKnownFileType = sourcecode.swift; path = RMLocation.swift; sourceTree = "<group>"; };
		487DC5F929D4F55A003A1327 /* RMCharacter.swift */ = {isa = PBXFileReference; lastKnownFileType = sourcecode.swift; path = RMCharacter.swift; sourceTree = "<group>"; };
		487DC5FB29D4F565003A1327 /* RMEpisode.swift */ = {isa = PBXFileReference; lastKnownFileType = sourcecode.swift; path = RMEpisode.swift; sourceTree = "<group>"; };
		487DC5FD29D4F6AC003A1327 /* RMSercice.swift */ = {isa = PBXFileReference; lastKnownFileType = sourcecode.swift; path = RMSercice.swift; sourceTree = "<group>"; };
		487DC5FF29D4F6B8003A1327 /* RMRequest.swift */ = {isa = PBXFileReference; lastKnownFileType = sourcecode.swift; path = RMRequest.swift; sourceTree = "<group>"; };
		487DC60129D4F6C1003A1327 /* RMEndpoint.swift */ = {isa = PBXFileReference; lastKnownFileType = sourcecode.swift; path = RMEndpoint.swift; sourceTree = "<group>"; };
		487DC60329D4F73D003A1327 /* RMCharacterGender.swift */ = {isa = PBXFileReference; lastKnownFileType = sourcecode.swift; path = RMCharacterGender.swift; sourceTree = "<group>"; };
		487DC60529D4F748003A1327 /* RMCharaterStatus.swift */ = {isa = PBXFileReference; lastKnownFileType = sourcecode.swift; path = RMCharaterStatus.swift; sourceTree = "<group>"; };
		487DC60729D4F757003A1327 /* RMSingleLocation.swift */ = {isa = PBXFileReference; lastKnownFileType = sourcecode.swift; path = RMSingleLocation.swift; sourceTree = "<group>"; };
		487DC60929D4F761003A1327 /* RMOrigin.swift */ = {isa = PBXFileReference; lastKnownFileType = sourcecode.swift; path = RMOrigin.swift; sourceTree = "<group>"; };
		487DC60B29D4F99C003A1327 /* RMCharacterDetailViewController.swift */ = {isa = PBXFileReference; lastKnownFileType = sourcecode.swift; path = RMCharacterDetailViewController.swift; sourceTree = "<group>"; };
		487DC60F29D4F9F3003A1327 /* RMGetAllCharactersResponse.swift */ = {isa = PBXFileReference; lastKnownFileType = sourcecode.swift; path = RMGetAllCharactersResponse.swift; sourceTree = "<group>"; };
		487DC61129D4FA13003A1327 /* Extansions.swift */ = {isa = PBXFileReference; lastKnownFileType = sourcecode.swift; path = Extansions.swift; sourceTree = "<group>"; };
		487DC61329D4FA51003A1327 /* RMCharacterCollectionViewCellViewModel.swift */ = {isa = PBXFileReference; lastKnownFileType = sourcecode.swift; path = RMCharacterCollectionViewCellViewModel.swift; sourceTree = "<group>"; };
		487DC61529D4FA5A003A1327 /* RMCharacterListViewViewModel.swift */ = {isa = PBXFileReference; lastKnownFileType = sourcecode.swift; path = RMCharacterListViewViewModel.swift; sourceTree = "<group>"; };
		487DC61729D4FA89003A1327 /* RMCharacterDetailViewViewModel.swift */ = {isa = PBXFileReference; lastKnownFileType = sourcecode.swift; path = RMCharacterDetailViewViewModel.swift; sourceTree = "<group>"; };
		487DC61D29D4FB55003A1327 /* RMCharacterListView.swift */ = {isa = PBXFileReference; lastKnownFileType = sourcecode.swift; path = RMCharacterListView.swift; sourceTree = "<group>"; };
		487DC61F29D4FB5F003A1327 /* RMCharacterCollectionViewCell.swift */ = {isa = PBXFileReference; lastKnownFileType = sourcecode.swift; path = RMCharacterCollectionViewCell.swift; sourceTree = "<group>"; };
		487DC62129D4FB70003A1327 /* RMCharacterDetailView.swift */ = {isa = PBXFileReference; lastKnownFileType = sourcecode.swift; path = RMCharacterDetailView.swift; sourceTree = "<group>"; };
		487DC62429D4FB91003A1327 /* FooterLoading.swift */ = {isa = PBXFileReference; lastKnownFileType = sourcecode.swift; path = FooterLoading.swift; sourceTree = "<group>"; };
		487DC62629D4FD05003A1327 /* RMImageLoader.swift */ = {isa = PBXFileReference; lastKnownFileType = sourcecode.swift; path = RMImageLoader.swift; sourceTree = "<group>"; };
/* End PBXFileReference section */

/* Begin PBXFrameworksBuildPhase section */
		487DC5CA29D4F256003A1327 /* Frameworks */ = {
			isa = PBXFrameworksBuildPhase;
			buildActionMask = 2147483647;
			files = (
			);
			runOnlyForDeploymentPostprocessing = 0;
		};
/* End PBXFrameworksBuildPhase section */

/* Begin PBXGroup section */
		487DC5C429D4F256003A1327 = {
			isa = PBXGroup;
			children = (
				487DC5CF29D4F256003A1327 /* RickAndMortyApp */,
				487DC5CE29D4F256003A1327 /* Products */,
			);
			sourceTree = "<group>";
		};
		487DC5CE29D4F256003A1327 /* Products */ = {
			isa = PBXGroup;
			children = (
				487DC5CD29D4F256003A1327 /* RickAndMortyApp.app */,
			);
			name = Products;
			sourceTree = "<group>";
		};
		487DC5CF29D4F256003A1327 /* RickAndMortyApp */ = {
			isa = PBXGroup;
			children = (
				487DC5E429D4F36F003A1327 /* Resources */,
				487DC5E729D4F423003A1327 /* APIClient */,
				487DC5E629D4F41D003A1327 /* Managers */,
				487DC5E529D4F3A2003A1327 /* Models */,
				487DC5E829D4F427003A1327 /* ViewModels */,
				487DC5E929D4F42E003A1327 /* Views */,
				487DC5EA29D4F432003A1327 /* Controllers */,
				487DC5DE29D4F25B003A1327 /* Info.plist */,
			);
			path = RickAndMortyApp;
			sourceTree = "<group>";
		};
		487DC5E429D4F36F003A1327 /* Resources */ = {
			isa = PBXGroup;
			children = (
				487DC5D929D4F25B003A1327 /* Assets.xcassets */,
				487DC5DB29D4F25B003A1327 /* LaunchScreen.storyboard */,
				487DC5D029D4F256003A1327 /* AppDelegate.swift */,
				487DC5D229D4F256003A1327 /* SceneDelegate.swift */,
				487DC61129D4FA13003A1327 /* Extansions.swift */,
			);
			path = Resources;
			sourceTree = "<group>";
		};
		487DC5E529D4F3A2003A1327 /* Models */ = {
			isa = PBXGroup;
			children = (
				487DC60E29D4F9DC003A1327 /* APIResponseTypes */,
				487DC60D29D4F9C6003A1327 /* DataTypes */,
			);
			path = Models;
			sourceTree = "<group>";
		};
		487DC5E629D4F41D003A1327 /* Managers */ = {
			isa = PBXGroup;
			children = (
				487DC62629D4FD05003A1327 /* RMImageLoader.swift */,
			);
			path = Managers;
			sourceTree = "<group>";
		};
		487DC5E729D4F423003A1327 /* APIClient */ = {
			isa = PBXGroup;
			children = (
				487DC5FD29D4F6AC003A1327 /* RMSercice.swift */,
				487DC5FF29D4F6B8003A1327 /* RMRequest.swift */,
				487DC60129D4F6C1003A1327 /* RMEndpoint.swift */,
			);
			path = APIClient;
			sourceTree = "<group>";
		};
		487DC5E829D4F427003A1327 /* ViewModels */ = {
			isa = PBXGroup;
			children = (
				487DC61929D4FA8F003A1327 /* Character */,
				487DC61A29D4FAA2003A1327 /* ChracterDetail */,
			);
			path = ViewModels;
			sourceTree = "<group>";
		};
		487DC5E929D4F42E003A1327 /* Views */ = {
			isa = PBXGroup;
			children = (
				487DC61B29D4FB11003A1327 /* Character */,
				487DC61C29D4FB1B003A1327 /* CharacterDetail */,
				487DC62329D4FB88003A1327 /* FooterLoading */,
			);
			path = Views;
			sourceTree = "<group>";
		};
		487DC5EA29D4F432003A1327 /* Controllers */ = {
			isa = PBXGroup;
			children = (
				487DC5EB29D4F436003A1327 /* Core */,
				487DC5EC29D4F439003A1327 /* Other */,
			);
			path = Controllers;
			sourceTree = "<group>";
		};
		487DC5EB29D4F436003A1327 /* Core */ = {
			isa = PBXGroup;
			children = (
				487DC5ED29D4F491003A1327 /* RMTabViewController.swift */,
				487DC5EF29D4F49E003A1327 /* RMCharactersViewController.swift */,
				487DC5F129D4F4A9003A1327 /* RMEpisodesViewController.swift */,
				487DC5F329D4F4B1003A1327 /* RMLocationsViewController.swift */,
				487DC5F529D4F4BB003A1327 /* RMSettingsViewController.swift */,
			);
			path = Core;
			sourceTree = "<group>";
		};
		487DC5EC29D4F439003A1327 /* Other */ = {
			isa = PBXGroup;
			children = (
				487DC60B29D4F99C003A1327 /* RMCharacterDetailViewController.swift */,
			);
			path = Other;
			sourceTree = "<group>";
		};
		487DC60D29D4F9C6003A1327 /* DataTypes */ = {
			isa = PBXGroup;
			children = (
				487DC60929D4F761003A1327 /* RMOrigin.swift */,
				487DC5F729D4F54E003A1327 /* RMLocation.swift */,
				487DC5FB29D4F565003A1327 /* RMEpisode.swift */,
				487DC5F929D4F55A003A1327 /* RMCharacter.swift */,
				487DC60329D4F73D003A1327 /* RMCharacterGender.swift */,
				487DC60529D4F748003A1327 /* RMCharaterStatus.swift */,
				487DC60729D4F757003A1327 /* RMSingleLocation.swift */,
			);
			path = DataTypes;
			sourceTree = "<group>";
		};
		487DC60E29D4F9DC003A1327 /* APIResponseTypes */ = {
			isa = PBXGroup;
			children = (
				487DC60F29D4F9F3003A1327 /* RMGetAllCharactersResponse.swift */,
			);
			path = APIResponseTypes;
			sourceTree = "<group>";
		};
		487DC61929D4FA8F003A1327 /* Character */ = {
			isa = PBXGroup;
			children = (
				487DC61329D4FA51003A1327 /* RMCharacterCollectionViewCellViewModel.swift */,
				487DC61529D4FA5A003A1327 /* RMCharacterListViewViewModel.swift */,
			);
			path = Character;
			sourceTree = "<group>";
		};
		487DC61A29D4FAA2003A1327 /* ChracterDetail */ = {
			isa = PBXGroup;
			children = (
				487DC61729D4FA89003A1327 /* RMCharacterDetailViewViewModel.swift */,
			);
			path = ChracterDetail;
			sourceTree = "<group>";
		};
		487DC61B29D4FB11003A1327 /* Character */ = {
			isa = PBXGroup;
			children = (
				487DC61F29D4FB5F003A1327 /* RMCharacterCollectionViewCell.swift */,
				487DC61D29D4FB55003A1327 /* RMCharacterListView.swift */,
			);
			path = Character;
			sourceTree = "<group>";
		};
		487DC61C29D4FB1B003A1327 /* CharacterDetail */ = {
			isa = PBXGroup;
			children = (
				487DC62129D4FB70003A1327 /* RMCharacterDetailView.swift */,
			);
			path = CharacterDetail;
			sourceTree = "<group>";
		};
		487DC62329D4FB88003A1327 /* FooterLoading */ = {
			isa = PBXGroup;
			children = (
				487DC62429D4FB91003A1327 /* FooterLoading.swift */,
			);
			path = FooterLoading;
			sourceTree = "<group>";
		};
/* End PBXGroup section */

/* Begin PBXNativeTarget section */
		487DC5CC29D4F256003A1327 /* RickAndMortyApp */ = {
			isa = PBXNativeTarget;
			buildConfigurationList = 487DC5E129D4F25B003A1327 /* Build configuration list for PBXNativeTarget "RickAndMortyApp" */;
			buildPhases = (
				487DC5C929D4F256003A1327 /* Sources */,
				487DC5CA29D4F256003A1327 /* Frameworks */,
				487DC5CB29D4F256003A1327 /* Resources */,
			);
			buildRules = (
			);
			dependencies = (
			);
			name = RickAndMortyApp;
			productName = RickAndMortyApp;
			productReference = 487DC5CD29D4F256003A1327 /* RickAndMortyApp.app */;
			productType = "com.apple.product-type.application";
		};
/* End PBXNativeTarget section */

/* Begin PBXProject section */
		487DC5C529D4F256003A1327 /* Project object */ = {
			isa = PBXProject;
			attributes = {
				BuildIndependentTargetsInParallel = 1;
				LastSwiftUpdateCheck = 1320;
				LastUpgradeCheck = 1320;
				TargetAttributes = {
					487DC5CC29D4F256003A1327 = {
						CreatedOnToolsVersion = 13.2.1;
					};
				};
			};
			buildConfigurationList = 487DC5C829D4F256003A1327 /* Build configuration list for PBXProject "RickAndMortyApp" */;
			compatibilityVersion = "Xcode 13.0";
			developmentRegion = en;
			hasScannedForEncodings = 0;
			knownRegions = (
				en,
				Base,
			);
			mainGroup = 487DC5C429D4F256003A1327;
			productRefGroup = 487DC5CE29D4F256003A1327 /* Products */;
			projectDirPath = "";
			projectRoot = "";
			targets = (
				487DC5CC29D4F256003A1327 /* RickAndMortyApp */,
			);
		};
/* End PBXProject section */

/* Begin PBXResourcesBuildPhase section */
		487DC5CB29D4F256003A1327 /* Resources */ = {
			isa = PBXResourcesBuildPhase;
			buildActionMask = 2147483647;
			files = (
				487DC5DD29D4F25B003A1327 /* LaunchScreen.storyboard in Resources */,
				487DC5DA29D4F25B003A1327 /* Assets.xcassets in Resources */,
			);
			runOnlyForDeploymentPostprocessing = 0;
		};
/* End PBXResourcesBuildPhase section */

/* Begin PBXSourcesBuildPhase section */
		487DC5C929D4F256003A1327 /* Sources */ = {
			isa = PBXSourcesBuildPhase;
			buildActionMask = 2147483647;
			files = (
				487DC5EE29D4F491003A1327 /* RMTabViewController.swift in Sources */,
				487DC5D129D4F256003A1327 /* AppDelegate.swift in Sources */,
				487DC60629D4F748003A1327 /* RMCharaterStatus.swift in Sources */,
				487DC62729D4FD05003A1327 /* RMImageLoader.swift in Sources */,
				487DC5FC29D4F565003A1327 /* RMEpisode.swift in Sources */,
				487DC61829D4FA89003A1327 /* RMCharacterDetailViewViewModel.swift in Sources */,
				487DC60429D4F73D003A1327 /* RMCharacterGender.swift in Sources */,
				487DC5F029D4F49E003A1327 /* RMCharactersViewController.swift in Sources */,
				487DC5F829D4F54E003A1327 /* RMLocation.swift in Sources */,
				487DC5F229D4F4A9003A1327 /* RMEpisodesViewController.swift in Sources */,
				487DC62529D4FB91003A1327 /* FooterLoading.swift in Sources */,
				487DC5F429D4F4B1003A1327 /* RMLocationsViewController.swift in Sources */,
				487DC62029D4FB5F003A1327 /* RMCharacterCollectionViewCell.swift in Sources */,
				487DC5FA29D4F55A003A1327 /* RMCharacter.swift in Sources */,
				487DC5FE29D4F6AC003A1327 /* RMSercice.swift in Sources */,
				487DC60829D4F757003A1327 /* RMSingleLocation.swift in Sources */,
				487DC60C29D4F99C003A1327 /* RMCharacterDetailViewController.swift in Sources */,
				487DC60229D4F6C1003A1327 /* RMEndpoint.swift in Sources */,
				487DC61E29D4FB55003A1327 /* RMCharacterListView.swift in Sources */,
				487DC5F629D4F4BB003A1327 /* RMSettingsViewController.swift in Sources */,
				487DC62229D4FB70003A1327 /* RMCharacterDetailView.swift in Sources */,
				487DC60A29D4F761003A1327 /* RMOrigin.swift in Sources */,
				487DC61029D4F9F3003A1327 /* RMGetAllCharactersResponse.swift in Sources */,
				487DC60029D4F6B8003A1327 /* RMRequest.swift in Sources */,
				487DC5D329D4F256003A1327 /* SceneDelegate.swift in Sources */,
				487DC61429D4FA51003A1327 /* RMCharacterCollectionViewCellViewModel.swift in Sources */,
				487DC61629D4FA5A003A1327 /* RMCharacterListViewViewModel.swift in Sources */,
				487DC61229D4FA13003A1327 /* Extansions.swift in Sources */,
			);
			runOnlyForDeploymentPostprocessing = 0;
		};
/* End PBXSourcesBuildPhase section */

/* Begin PBXVariantGroup section */
		487DC5DB29D4F25B003A1327 /* LaunchScreen.storyboard */ = {
			isa = PBXVariantGroup;
			children = (
				487DC5DC29D4F25B003A1327 /* Base */,
			);
			name = LaunchScreen.storyboard;
			sourceTree = "<group>";
		};
/* End PBXVariantGroup section */

/* Begin XCBuildConfiguration section */
		487DC5DF29D4F25B003A1327 /* Debug */ = {
			isa = XCBuildConfiguration;
			buildSettings = {
				ALWAYS_SEARCH_USER_PATHS = NO;
				CLANG_ANALYZER_NONNULL = YES;
				CLANG_ANALYZER_NUMBER_OBJECT_CONVERSION = YES_AGGRESSIVE;
				CLANG_CXX_LANGUAGE_STANDARD = "gnu++17";
				CLANG_CXX_LIBRARY = "libc++";
				CLANG_ENABLE_MODULES = YES;
				CLANG_ENABLE_OBJC_ARC = YES;
				CLANG_ENABLE_OBJC_WEAK = YES;
				CLANG_WARN_BLOCK_CAPTURE_AUTORELEASING = YES;
				CLANG_WARN_BOOL_CONVERSION = YES;
				CLANG_WARN_COMMA = YES;
				CLANG_WARN_CONSTANT_CONVERSION = YES;
				CLANG_WARN_DEPRECATED_OBJC_IMPLEMENTATIONS = YES;
				CLANG_WARN_DIRECT_OBJC_ISA_USAGE = YES_ERROR;
				CLANG_WARN_DOCUMENTATION_COMMENTS = YES;
				CLANG_WARN_EMPTY_BODY = YES;
				CLANG_WARN_ENUM_CONVERSION = YES;
				CLANG_WARN_INFINITE_RECURSION = YES;
				CLANG_WARN_INT_CONVERSION = YES;
				CLANG_WARN_NON_LITERAL_NULL_CONVERSION = YES;
				CLANG_WARN_OBJC_IMPLICIT_RETAIN_SELF = YES;
				CLANG_WARN_OBJC_LITERAL_CONVERSION = YES;
				CLANG_WARN_OBJC_ROOT_CLASS = YES_ERROR;
				CLANG_WARN_QUOTED_INCLUDE_IN_FRAMEWORK_HEADER = YES;
				CLANG_WARN_RANGE_LOOP_ANALYSIS = YES;
				CLANG_WARN_STRICT_PROTOTYPES = YES;
				CLANG_WARN_SUSPICIOUS_MOVE = YES;
				CLANG_WARN_UNGUARDED_AVAILABILITY = YES_AGGRESSIVE;
				CLANG_WARN_UNREACHABLE_CODE = YES;
				CLANG_WARN__DUPLICATE_METHOD_MATCH = YES;
				COPY_PHASE_STRIP = NO;
				DEBUG_INFORMATION_FORMAT = dwarf;
				ENABLE_STRICT_OBJC_MSGSEND = YES;
				ENABLE_TESTABILITY = YES;
				GCC_C_LANGUAGE_STANDARD = gnu11;
				GCC_DYNAMIC_NO_PIC = NO;
				GCC_NO_COMMON_BLOCKS = YES;
				GCC_OPTIMIZATION_LEVEL = 0;
				GCC_PREPROCESSOR_DEFINITIONS = (
					"DEBUG=1",
					"$(inherited)",
				);
				GCC_WARN_64_TO_32_BIT_CONVERSION = YES;
				GCC_WARN_ABOUT_RETURN_TYPE = YES_ERROR;
				GCC_WARN_UNDECLARED_SELECTOR = YES;
				GCC_WARN_UNINITIALIZED_AUTOS = YES_AGGRESSIVE;
				GCC_WARN_UNUSED_FUNCTION = YES;
				GCC_WARN_UNUSED_VARIABLE = YES;
				IPHONEOS_DEPLOYMENT_TARGET = 15.2;
				MTL_ENABLE_DEBUG_INFO = INCLUDE_SOURCE;
				MTL_FAST_MATH = YES;
				ONLY_ACTIVE_ARCH = YES;
				SDKROOT = iphoneos;
				SWIFT_ACTIVE_COMPILATION_CONDITIONS = DEBUG;
				SWIFT_OPTIMIZATION_LEVEL = "-Onone";
			};
			name = Debug;
		};
		487DC5E029D4F25B003A1327 /* Release */ = {
			isa = XCBuildConfiguration;
			buildSettings = {
				ALWAYS_SEARCH_USER_PATHS = NO;
				CLANG_ANALYZER_NONNULL = YES;
				CLANG_ANALYZER_NUMBER_OBJECT_CONVERSION = YES_AGGRESSIVE;
				CLANG_CXX_LANGUAGE_STANDARD = "gnu++17";
				CLANG_CXX_LIBRARY = "libc++";
				CLANG_ENABLE_MODULES = YES;
				CLANG_ENABLE_OBJC_ARC = YES;
				CLANG_ENABLE_OBJC_WEAK = YES;
				CLANG_WARN_BLOCK_CAPTURE_AUTORELEASING = YES;
				CLANG_WARN_BOOL_CONVERSION = YES;
				CLANG_WARN_COMMA = YES;
				CLANG_WARN_CONSTANT_CONVERSION = YES;
				CLANG_WARN_DEPRECATED_OBJC_IMPLEMENTATIONS = YES;
				CLANG_WARN_DIRECT_OBJC_ISA_USAGE = YES_ERROR;
				CLANG_WARN_DOCUMENTATION_COMMENTS = YES;
				CLANG_WARN_EMPTY_BODY = YES;
				CLANG_WARN_ENUM_CONVERSION = YES;
				CLANG_WARN_INFINITE_RECURSION = YES;
				CLANG_WARN_INT_CONVERSION = YES;
				CLANG_WARN_NON_LITERAL_NULL_CONVERSION = YES;
				CLANG_WARN_OBJC_IMPLICIT_RETAIN_SELF = YES;
				CLANG_WARN_OBJC_LITERAL_CONVERSION = YES;
				CLANG_WARN_OBJC_ROOT_CLASS = YES_ERROR;
				CLANG_WARN_QUOTED_INCLUDE_IN_FRAMEWORK_HEADER = YES;
				CLANG_WARN_RANGE_LOOP_ANALYSIS = YES;
				CLANG_WARN_STRICT_PROTOTYPES = YES;
				CLANG_WARN_SUSPICIOUS_MOVE = YES;
				CLANG_WARN_UNGUARDED_AVAILABILITY = YES_AGGRESSIVE;
				CLANG_WARN_UNREACHABLE_CODE = YES;
				CLANG_WARN__DUPLICATE_METHOD_MATCH = YES;
				COPY_PHASE_STRIP = NO;
				DEBUG_INFORMATION_FORMAT = "dwarf-with-dsym";
				ENABLE_NS_ASSERTIONS = NO;
				ENABLE_STRICT_OBJC_MSGSEND = YES;
				GCC_C_LANGUAGE_STANDARD = gnu11;
				GCC_NO_COMMON_BLOCKS = YES;
				GCC_WARN_64_TO_32_BIT_CONVERSION = YES;
				GCC_WARN_ABOUT_RETURN_TYPE = YES_ERROR;
				GCC_WARN_UNDECLARED_SELECTOR = YES;
				GCC_WARN_UNINITIALIZED_AUTOS = YES_AGGRESSIVE;
				GCC_WARN_UNUSED_FUNCTION = YES;
				GCC_WARN_UNUSED_VARIABLE = YES;
				IPHONEOS_DEPLOYMENT_TARGET = 15.2;
				MTL_ENABLE_DEBUG_INFO = NO;
				MTL_FAST_MATH = YES;
				SDKROOT = iphoneos;
				SWIFT_COMPILATION_MODE = wholemodule;
				SWIFT_OPTIMIZATION_LEVEL = "-O";
				VALIDATE_PRODUCT = YES;
			};
			name = Release;
		};
		487DC5E229D4F25B003A1327 /* Debug */ = {
			isa = XCBuildConfiguration;
			buildSettings = {
				ASSETCATALOG_COMPILER_APPICON_NAME = AppIcon;
				ASSETCATALOG_COMPILER_GLOBAL_ACCENT_COLOR_NAME = AccentColor;
				CODE_SIGN_STYLE = Automatic;
				CURRENT_PROJECT_VERSION = 1;
				DEVELOPMENT_TEAM = H24VKTWR7D;
				GENERATE_INFOPLIST_FILE = YES;
				INFOPLIST_FILE = RickAndMortyApp/Info.plist;
				INFOPLIST_KEY_UIApplicationSupportsIndirectInputEvents = YES;
				INFOPLIST_KEY_UILaunchStoryboardName = LaunchScreen;
				INFOPLIST_KEY_UISupportedInterfaceOrientations_iPad = "UIInterfaceOrientationPortrait UIInterfaceOrientationPortraitUpsideDown UIInterfaceOrientationLandscapeLeft UIInterfaceOrientationLandscapeRight";
				INFOPLIST_KEY_UISupportedInterfaceOrientations_iPhone = "UIInterfaceOrientationPortrait UIInterfaceOrientationLandscapeLeft UIInterfaceOrientationLandscapeRight";
				LD_RUNPATH_SEARCH_PATHS = (
					"$(inherited)",
					"@executable_path/Frameworks",
				);
				MARKETING_VERSION = 1.0;
				PRODUCT_BUNDLE_IDENTIFIER = MasksimMelnichuk.RickAndMortyApp;
				PRODUCT_NAME = "$(TARGET_NAME)";
				SWIFT_EMIT_LOC_STRINGS = YES;
				SWIFT_VERSION = 5.0;
				TARGETED_DEVICE_FAMILY = "1,2";
			};
			name = Debug;
		};
		487DC5E329D4F25B003A1327 /* Release */ = {
			isa = XCBuildConfiguration;
			buildSettings = {
				ASSETCATALOG_COMPILER_APPICON_NAME = AppIcon;
				ASSETCATALOG_COMPILER_GLOBAL_ACCENT_COLOR_NAME = AccentColor;
				CODE_SIGN_STYLE = Automatic;
				CURRENT_PROJECT_VERSION = 1;
				DEVELOPMENT_TEAM = H24VKTWR7D;
				GENERATE_INFOPLIST_FILE = YES;
				INFOPLIST_FILE = RickAndMortyApp/Info.plist;
				INFOPLIST_KEY_UIApplicationSupportsIndirectInputEvents = YES;
				INFOPLIST_KEY_UILaunchStoryboardName = LaunchScreen;
				INFOPLIST_KEY_UISupportedInterfaceOrientations_iPad = "UIInterfaceOrientationPortrait UIInterfaceOrientationPortraitUpsideDown UIInterfaceOrientationLandscapeLeft UIInterfaceOrientationLandscapeRight";
				INFOPLIST_KEY_UISupportedInterfaceOrientations_iPhone = "UIInterfaceOrientationPortrait UIInterfaceOrientationLandscapeLeft UIInterfaceOrientationLandscapeRight";
				LD_RUNPATH_SEARCH_PATHS = (
					"$(inherited)",
					"@executable_path/Frameworks",
				);
				MARKETING_VERSION = 1.0;
				PRODUCT_BUNDLE_IDENTIFIER = MasksimMelnichuk.RickAndMortyApp;
				PRODUCT_NAME = "$(TARGET_NAME)";
				SWIFT_EMIT_LOC_STRINGS = YES;
				SWIFT_VERSION = 5.0;
				TARGETED_DEVICE_FAMILY = "1,2";
			};
			name = Release;
		};
/* End XCBuildConfiguration section */

/* Begin XCConfigurationList section */
		487DC5C829D4F256003A1327 /* Build configuration list for PBXProject "RickAndMortyApp" */ = {
			isa = XCConfigurationList;
			buildConfigurations = (
				487DC5DF29D4F25B003A1327 /* Debug */,
				487DC5E029D4F25B003A1327 /* Release */,
			);
			defaultConfigurationIsVisible = 0;
			defaultConfigurationName = Release;
		};
		487DC5E129D4F25B003A1327 /* Build configuration list for PBXNativeTarget "RickAndMortyApp" */ = {
			isa = XCConfigurationList;
			buildConfigurations = (
				487DC5E229D4F25B003A1327 /* Debug */,
				487DC5E329D4F25B003A1327 /* Release */,
			);
			defaultConfigurationIsVisible = 0;
			defaultConfigurationName = Release;
		};
/* End XCConfigurationList section */
	};
	rootObject = 487DC5C529D4F256003A1327 /* Project object */;
}
